// !$*UTF8*$!
{
	archiveVersion = 1;
	classes = {
	};
	objectVersion = 55;
	objects = {

/* Begin PBXBuildFile section */
		4A252F0529C099F500C9E001 /* RAWG.xcdatamodeld in Sources */ = {isa = PBXBuildFile; fileRef = 4A252F0329C099F500C9E001 /* RAWG.xcdatamodeld */; };
		4A252F0729C09B8E00C9E001 /* CoreDataManager.swift in Sources */ = {isa = PBXBuildFile; fileRef = 4A252F0629C09B8E00C9E001 /* CoreDataManager.swift */; };
		4A252F0D29C0C7B200C9E001 /* FavoriteViewModel.swift in Sources */ = {isa = PBXBuildFile; fileRef = 4A252F0C29C0C7B200C9E001 /* FavoriteViewModel.swift */; };
		4A252F0F29C0CA8000C9E001 /* FavoriteTableViewCell.swift in Sources */ = {isa = PBXBuildFile; fileRef = 4A252F0E29C0CA8000C9E001 /* FavoriteTableViewCell.swift */; };
		4A3FA02F29C182620001C58C /* FavoriteViewController.swift in Sources */ = {isa = PBXBuildFile; fileRef = 4A3FA02E29C182620001C58C /* FavoriteViewController.swift */; };
		4A44E2B629B704EE005B635A /* RawgClient.swift in Sources */ = {isa = PBXBuildFile; fileRef = 4A44E2B529B704EE005B635A /* RawgClient.swift */; };
		4A5D9F1D29B60E1D00A530D2 /* AppDelegate.swift in Sources */ = {isa = PBXBuildFile; fileRef = 4A5D9F1C29B60E1D00A530D2 /* AppDelegate.swift */; };
		4A5D9F1F29B60E1D00A530D2 /* SceneDelegate.swift in Sources */ = {isa = PBXBuildFile; fileRef = 4A5D9F1E29B60E1D00A530D2 /* SceneDelegate.swift */; };
		4A5D9F2629B60E1E00A530D2 /* Assets.xcassets in Resources */ = {isa = PBXBuildFile; fileRef = 4A5D9F2529B60E1E00A530D2 /* Assets.xcassets */; };
		4A5D9F3829B61F7400A530D2 /* Date+Extentions.swift in Sources */ = {isa = PBXBuildFile; fileRef = 4A5D9F3729B61F7400A530D2 /* Date+Extentions.swift */; };
		4A5D9F4129B62E4000A530D2 /* TabBarController.swift in Sources */ = {isa = PBXBuildFile; fileRef = 4A5D9F4029B62E4000A530D2 /* TabBarController.swift */; };
		4A5D9F4529B62EA700A530D2 /* ProfileViewController.swift in Sources */ = {isa = PBXBuildFile; fileRef = 4A5D9F4429B62EA700A530D2 /* ProfileViewController.swift */; };
		4A5D9F4929B6357E00A530D2 /* ProfileModel.swift in Sources */ = {isa = PBXBuildFile; fileRef = 4A5D9F4829B6357E00A530D2 /* ProfileModel.swift */; };
		4A5D9F4B29B6366400A530D2 /* EditProfileViewController.swift in Sources */ = {isa = PBXBuildFile; fileRef = 4A5D9F4A29B6366400A530D2 /* EditProfileViewController.swift */; };
		4A5D9F4D29B63DBF00A530D2 /* UIView+Extentions.swift in Sources */ = {isa = PBXBuildFile; fileRef = 4A5D9F4C29B63DBF00A530D2 /* UIView+Extentions.swift */; };
		4A98294A29B705D600D14812 /* RawgModel.swift in Sources */ = {isa = PBXBuildFile; fileRef = 4A98294929B705D600D14812 /* RawgModel.swift */; };
		4A98295329B706E600D14812 /* GetRawgResponseModel.swift in Sources */ = {isa = PBXBuildFile; fileRef = 4A98295229B706E600D14812 /* GetRawgResponseModel.swift */; };
		4A98295829B7073A00D14812 /* RawgDetailModel.swift in Sources */ = {isa = PBXBuildFile; fileRef = 4A98295729B7073A00D14812 /* RawgDetailModel.swift */; };
		4A98295A29B7076700D14812 /* Secrets.swift in Sources */ = {isa = PBXBuildFile; fileRef = 4A98295929B7076700D14812 /* Secrets.swift */; };
		4A98296029B7082C00D14812 /* Globals.swift in Sources */ = {isa = PBXBuildFile; fileRef = 4A98295F29B7082C00D14812 /* Globals.swift */; };
		4A98296229B7086F00D14812 /* GameTableViewCell.swift in Sources */ = {isa = PBXBuildFile; fileRef = 4A98296129B7086F00D14812 /* GameTableViewCell.swift */; };
		4A98296429B7624800D14812 /* HomeViewModel.swift in Sources */ = {isa = PBXBuildFile; fileRef = 4A98296329B7624800D14812 /* HomeViewModel.swift */; };
		4A98296629B762CA00D14812 /* HomeViewController.swift in Sources */ = {isa = PBXBuildFile; fileRef = 4A98296529B762CA00D14812 /* HomeViewController.swift */; };
		4A98296829B762D400D14812 /* SearchViewController.swift in Sources */ = {isa = PBXBuildFile; fileRef = 4A98296729B762D400D14812 /* SearchViewController.swift */; };
		4A98296C29B770CB00D14812 /* GameDetailViewController.swift in Sources */ = {isa = PBXBuildFile; fileRef = 4A98296B29B770CB00D14812 /* GameDetailViewController.swift */; };
		4A98296E29B78F3C00D14812 /* HomeView.swift in Sources */ = {isa = PBXBuildFile; fileRef = 4A98296D29B78F3C00D14812 /* HomeView.swift */; };
		4AE0B6FB29B8D9230067932F /* GameDetailViewModel.swift in Sources */ = {isa = PBXBuildFile; fileRef = 4AE0B6FA29B8D9230067932F /* GameDetailViewModel.swift */; };
		C80493287D53E05039E63F18 /* Pods_RAWG_Dicoding.framework in Frameworks */ = {isa = PBXBuildFile; fileRef = F5F617565437E2764C9B77D9 /* Pods_RAWG_Dicoding.framework */; };
/* End PBXBuildFile section */

/* Begin PBXFileReference section */
		4A252F0429C099F500C9E001 /* RAWG.xcdatamodel */ = {isa = PBXFileReference; lastKnownFileType = wrapper.xcdatamodel; path = RAWG.xcdatamodel; sourceTree = "<group>"; };
		4A252F0629C09B8E00C9E001 /* CoreDataManager.swift */ = {isa = PBXFileReference; lastKnownFileType = sourcecode.swift; path = CoreDataManager.swift; sourceTree = "<group>"; };
		4A252F0C29C0C7B200C9E001 /* FavoriteViewModel.swift */ = {isa = PBXFileReference; lastKnownFileType = sourcecode.swift; path = FavoriteViewModel.swift; sourceTree = "<group>"; };
		4A252F0E29C0CA8000C9E001 /* FavoriteTableViewCell.swift */ = {isa = PBXFileReference; lastKnownFileType = sourcecode.swift; path = FavoriteTableViewCell.swift; sourceTree = "<group>"; };
		4A3FA02E29C182620001C58C /* FavoriteViewController.swift */ = {isa = PBXFileReference; lastKnownFileType = sourcecode.swift; path = FavoriteViewController.swift; sourceTree = "<group>"; };
		4A44E2B529B704EE005B635A /* RawgClient.swift */ = {isa = PBXFileReference; lastKnownFileType = sourcecode.swift; path = RawgClient.swift; sourceTree = "<group>"; };
		4A5D9F1929B60E1D00A530D2 /* RAWG-Dicoding.app */ = {isa = PBXFileReference; explicitFileType = wrapper.application; includeInIndex = 0; path = "RAWG-Dicoding.app"; sourceTree = BUILT_PRODUCTS_DIR; };
		4A5D9F1C29B60E1D00A530D2 /* AppDelegate.swift */ = {isa = PBXFileReference; lastKnownFileType = sourcecode.swift; path = AppDelegate.swift; sourceTree = "<group>"; };
		4A5D9F1E29B60E1D00A530D2 /* SceneDelegate.swift */ = {isa = PBXFileReference; lastKnownFileType = sourcecode.swift; path = SceneDelegate.swift; sourceTree = "<group>"; };
		4A5D9F2529B60E1E00A530D2 /* Assets.xcassets */ = {isa = PBXFileReference; lastKnownFileType = folder.assetcatalog; path = Assets.xcassets; sourceTree = "<group>"; };
		4A5D9F2A29B60E1E00A530D2 /* Info.plist */ = {isa = PBXFileReference; lastKnownFileType = text.plist.xml; path = Info.plist; sourceTree = "<group>"; };
		4A5D9F3729B61F7400A530D2 /* Date+Extentions.swift */ = {isa = PBXFileReference; lastKnownFileType = sourcecode.swift; path = "Date+Extentions.swift"; sourceTree = "<group>"; };
		4A5D9F4029B62E4000A530D2 /* TabBarController.swift */ = {isa = PBXFileReference; lastKnownFileType = sourcecode.swift; path = TabBarController.swift; sourceTree = "<group>"; };
		4A5D9F4429B62EA700A530D2 /* ProfileViewController.swift */ = {isa = PBXFileReference; lastKnownFileType = sourcecode.swift; path = ProfileViewController.swift; sourceTree = "<group>"; };
		4A5D9F4829B6357E00A530D2 /* ProfileModel.swift */ = {isa = PBXFileReference; lastKnownFileType = sourcecode.swift; path = ProfileModel.swift; sourceTree = "<group>"; };
		4A5D9F4A29B6366400A530D2 /* EditProfileViewController.swift */ = {isa = PBXFileReference; lastKnownFileType = sourcecode.swift; path = EditProfileViewController.swift; sourceTree = "<group>"; };
		4A5D9F4C29B63DBF00A530D2 /* UIView+Extentions.swift */ = {isa = PBXFileReference; lastKnownFileType = sourcecode.swift; path = "UIView+Extentions.swift"; sourceTree = "<group>"; };
		4A98294929B705D600D14812 /* RawgModel.swift */ = {isa = PBXFileReference; lastKnownFileType = sourcecode.swift; path = RawgModel.swift; sourceTree = "<group>"; };
		4A98295229B706E600D14812 /* GetRawgResponseModel.swift */ = {isa = PBXFileReference; lastKnownFileType = sourcecode.swift; path = GetRawgResponseModel.swift; sourceTree = "<group>"; };
		4A98295729B7073A00D14812 /* RawgDetailModel.swift */ = {isa = PBXFileReference; lastKnownFileType = sourcecode.swift; path = RawgDetailModel.swift; sourceTree = "<group>"; };
		4A98295929B7076700D14812 /* Secrets.swift */ = {isa = PBXFileReference; lastKnownFileType = sourcecode.swift; path = Secrets.swift; sourceTree = "<group>"; };
		4A98295F29B7082C00D14812 /* Globals.swift */ = {isa = PBXFileReference; lastKnownFileType = sourcecode.swift; path = Globals.swift; sourceTree = "<group>"; };
		4A98296129B7086F00D14812 /* GameTableViewCell.swift */ = {isa = PBXFileReference; lastKnownFileType = sourcecode.swift; path = GameTableViewCell.swift; sourceTree = "<group>"; };
		4A98296329B7624800D14812 /* HomeViewModel.swift */ = {isa = PBXFileReference; lastKnownFileType = sourcecode.swift; path = HomeViewModel.swift; sourceTree = "<group>"; };
		4A98296529B762CA00D14812 /* HomeViewController.swift */ = {isa = PBXFileReference; lastKnownFileType = sourcecode.swift; path = HomeViewController.swift; sourceTree = "<group>"; };
		4A98296729B762D400D14812 /* SearchViewController.swift */ = {isa = PBXFileReference; lastKnownFileType = sourcecode.swift; path = SearchViewController.swift; sourceTree = "<group>"; };
		4A98296B29B770CB00D14812 /* GameDetailViewController.swift */ = {isa = PBXFileReference; lastKnownFileType = sourcecode.swift; path = GameDetailViewController.swift; sourceTree = "<group>"; };
		4A98296D29B78F3C00D14812 /* HomeView.swift */ = {isa = PBXFileReference; lastKnownFileType = sourcecode.swift; path = HomeView.swift; sourceTree = "<group>"; };
		4AE0B6FA29B8D9230067932F /* GameDetailViewModel.swift */ = {isa = PBXFileReference; lastKnownFileType = sourcecode.swift; path = GameDetailViewModel.swift; sourceTree = "<group>"; };
		F3A8FA8219866EEEE28D69D5 /* Pods-RAWG-Dicoding.release.xcconfig */ = {isa = PBXFileReference; includeInIndex = 1; lastKnownFileType = text.xcconfig; name = "Pods-RAWG-Dicoding.release.xcconfig"; path = "Target Support Files/Pods-RAWG-Dicoding/Pods-RAWG-Dicoding.release.xcconfig"; sourceTree = "<group>"; };
		F5F617565437E2764C9B77D9 /* Pods_RAWG_Dicoding.framework */ = {isa = PBXFileReference; explicitFileType = wrapper.framework; includeInIndex = 0; path = Pods_RAWG_Dicoding.framework; sourceTree = BUILT_PRODUCTS_DIR; };
		FBD4E45B5D2571DAD05A0435 /* Pods-RAWG-Dicoding.debug.xcconfig */ = {isa = PBXFileReference; includeInIndex = 1; lastKnownFileType = text.xcconfig; name = "Pods-RAWG-Dicoding.debug.xcconfig"; path = "Target Support Files/Pods-RAWG-Dicoding/Pods-RAWG-Dicoding.debug.xcconfig"; sourceTree = "<group>"; };
/* End PBXFileReference section */

/* Begin PBXFrameworksBuildPhase section */
		4A5D9F1629B60E1D00A530D2 /* Frameworks */ = {
			isa = PBXFrameworksBuildPhase;
			buildActionMask = 2147483647;
			files = (
				C80493287D53E05039E63F18 /* Pods_RAWG_Dicoding.framework in Frameworks */,
			);
			runOnlyForDeploymentPostprocessing = 0;
		};
/* End PBXFrameworksBuildPhase section */

/* Begin PBXGroup section */
		315B3DAD2E014120D1A621DE /* Pods */ = {
			isa = PBXGroup;
			children = (
				FBD4E45B5D2571DAD05A0435 /* Pods-RAWG-Dicoding.debug.xcconfig */,
				F3A8FA8219866EEEE28D69D5 /* Pods-RAWG-Dicoding.release.xcconfig */,
			);
			path = Pods;
			sourceTree = "<group>";
		};
		4A18451F29BAFB6D00098BBD /* TabBarScene */ = {
			isa = PBXGroup;
			children = (
				4A5D9F4029B62E4000A530D2 /* TabBarController.swift */,
			);
			path = TabBarScene;
			sourceTree = "<group>";
		};
		4A252F0829C0C77700C9E001 /* FavoriteScene */ = {
			isa = PBXGroup;
			children = (
				4A252F0B29C0C79500C9E001 /* ViewController */,
				4A252F0A29C0C78C00C9E001 /* View */,
				4A252F0929C0C78300C9E001 /* ViewModel */,
			);
			path = FavoriteScene;
			sourceTree = "<group>";
		};
		4A252F0929C0C78300C9E001 /* ViewModel */ = {
			isa = PBXGroup;
			children = (
				4A252F0C29C0C7B200C9E001 /* FavoriteViewModel.swift */,
			);
			path = ViewModel;
			sourceTree = "<group>";
		};
		4A252F0A29C0C78C00C9E001 /* View */ = {
			isa = PBXGroup;
			children = (
				4A252F0E29C0CA8000C9E001 /* FavoriteTableViewCell.swift */,
			);
			path = View;
			sourceTree = "<group>";
		};
		4A252F0B29C0C79500C9E001 /* ViewController */ = {
			isa = PBXGroup;
			children = (
				4A3FA02E29C182620001C58C /* FavoriteViewController.swift */,
			);
			path = ViewController;
			sourceTree = "<group>";
		};
		4A44E2B129B7040B005B635A /* App */ = {
			isa = PBXGroup;
			children = (
				4A5D9F3329B61F1D00A530D2 /* Utils */,
				4A5D9F3229B61F1400A530D2 /* Extentions */,
				4A5D9F1C29B60E1D00A530D2 /* AppDelegate.swift */,
				4A5D9F1E29B60E1D00A530D2 /* SceneDelegate.swift */,
				4A98295929B7076700D14812 /* Secrets.swift */,
				4A98295F29B7082C00D14812 /* Globals.swift */,
			);
			path = App;
			sourceTree = "<group>";
		};
		4A44E2B229B70412005B635A /* Core */ = {
			isa = PBXGroup;
			children = (
				4A44E2B529B704EE005B635A /* RawgClient.swift */,
				4A252F0629C09B8E00C9E001 /* CoreDataManager.swift */,
			);
			path = Core;
			sourceTree = "<group>";
		};
		4A44E2B329B70425005B635A /* Scene */ = {
			isa = PBXGroup;
			children = (
				4A252F0829C0C77700C9E001 /* FavoriteScene */,
				4A18451F29BAFB6D00098BBD /* TabBarScene */,
				4A98294D29B7062400D14812 /* ProfileScene */,
				4A98294B29B7061300D14812 /* GameDetailScene */,
				4A44E2B429B7045E005B635A /* HomeScene */,
			);
			path = Scene;
			sourceTree = "<group>";
		};
		4A44E2B429B7045E005B635A /* HomeScene */ = {
			isa = PBXGroup;
			children = (
				4A98294829B705C000D14812 /* ViewModel */,
				4A98294729B705BB00D14812 /* ViewController */,
				4A98294629B705B400D14812 /* View */,
				4A98294529B705AC00D14812 /* Model */,
			);
			path = HomeScene;
			sourceTree = "<group>";
		};
		4A5D9F1029B60E1D00A530D2 = {
			isa = PBXGroup;
			children = (
				4A5D9F1B29B60E1D00A530D2 /* RAWG-Dicoding */,
				4A5D9F1A29B60E1D00A530D2 /* Products */,
				315B3DAD2E014120D1A621DE /* Pods */,
				C92D5B228510A09F8D7AABA2 /* Frameworks */,
			);
			sourceTree = "<group>";
		};
		4A5D9F1A29B60E1D00A530D2 /* Products */ = {
			isa = PBXGroup;
			children = (
				4A5D9F1929B60E1D00A530D2 /* RAWG-Dicoding.app */,
			);
			name = Products;
			sourceTree = "<group>";
		};
		4A5D9F1B29B60E1D00A530D2 /* RAWG-Dicoding */ = {
			isa = PBXGroup;
			children = (
				4A44E2B129B7040B005B635A /* App */,
				4A44E2B229B70412005B635A /* Core */,
				4A44E2B329B70425005B635A /* Scene */,
				4A5D9F2529B60E1E00A530D2 /* Assets.xcassets */,
				4A5D9F2A29B60E1E00A530D2 /* Info.plist */,
				4A252F0329C099F500C9E001 /* RAWG.xcdatamodeld */,
			);
			path = "RAWG-Dicoding";
			sourceTree = "<group>";
		};
		4A5D9F3229B61F1400A530D2 /* Extentions */ = {
			isa = PBXGroup;
			children = (
				4A5D9F4C29B63DBF00A530D2 /* UIView+Extentions.swift */,
			);
			path = Extentions;
			sourceTree = "<group>";
		};
		4A5D9F3329B61F1D00A530D2 /* Utils */ = {
			isa = PBXGroup;
			children = (
				4A5D9F3729B61F7400A530D2 /* Date+Extentions.swift */,
			);
			path = Utils;
			sourceTree = "<group>";
		};
		4A98294529B705AC00D14812 /* Model */ = {
			isa = PBXGroup;
			children = (
				4A98294929B705D600D14812 /* RawgModel.swift */,
				4A98295229B706E600D14812 /* GetRawgResponseModel.swift */,
			);
			path = Model;
			sourceTree = "<group>";
		};
		4A98294629B705B400D14812 /* View */ = {
			isa = PBXGroup;
			children = (
				4A98296129B7086F00D14812 /* GameTableViewCell.swift */,
				4A98296D29B78F3C00D14812 /* HomeView.swift */,
			);
			path = View;
			sourceTree = "<group>";
		};
		4A98294729B705BB00D14812 /* ViewController */ = {
			isa = PBXGroup;
			children = (
				4A98296529B762CA00D14812 /* HomeViewController.swift */,
				4A98296729B762D400D14812 /* SearchViewController.swift */,
			);
			path = ViewController;
			sourceTree = "<group>";
		};
		4A98294829B705C000D14812 /* ViewModel */ = {
			isa = PBXGroup;
			children = (
				4A98296329B7624800D14812 /* HomeViewModel.swift */,
			);
			path = ViewModel;
			sourceTree = "<group>";
		};
		4A98294B29B7061300D14812 /* GameDetailScene */ = {
			isa = PBXGroup;
			children = (
				4A98295629B7072C00D14812 /* ViewModel */,
				4A98295529B7072300D14812 /* ViewController */,
				4A98295429B7071D00D14812 /* Model */,
			);
			path = GameDetailScene;
			sourceTree = "<group>";
		};
		4A98294D29B7062400D14812 /* ProfileScene */ = {
			isa = PBXGroup;
			children = (
				4A98295129B7064100D14812 /* ViewController */,
				4A98295029B7063B00D14812 /* View */,
				4A98294F29B7063500D14812 /* ViewModel */,
				4A98294E29B7063100D14812 /* Model */,
			);
			path = ProfileScene;
			sourceTree = "<group>";
		};
		4A98294E29B7063100D14812 /* Model */ = {
			isa = PBXGroup;
			children = (
				4A5D9F4829B6357E00A530D2 /* ProfileModel.swift */,
			);
			path = Model;
			sourceTree = "<group>";
		};
		4A98294F29B7063500D14812 /* ViewModel */ = {
			isa = PBXGroup;
			children = (
			);
			path = ViewModel;
			sourceTree = "<group>";
		};
		4A98295029B7063B00D14812 /* View */ = {
			isa = PBXGroup;
			children = (
			);
			path = View;
			sourceTree = "<group>";
		};
		4A98295129B7064100D14812 /* ViewController */ = {
			isa = PBXGroup;
			children = (
				4A5D9F4A29B6366400A530D2 /* EditProfileViewController.swift */,
				4A5D9F4429B62EA700A530D2 /* ProfileViewController.swift */,
			);
			path = ViewController;
			sourceTree = "<group>";
		};
		4A98295429B7071D00D14812 /* Model */ = {
			isa = PBXGroup;
			children = (
				4A98295729B7073A00D14812 /* RawgDetailModel.swift */,
			);
			path = Model;
			sourceTree = "<group>";
		};
		4A98295529B7072300D14812 /* ViewController */ = {
			isa = PBXGroup;
			children = (
				4A98296B29B770CB00D14812 /* GameDetailViewController.swift */,
			);
			path = ViewController;
			sourceTree = "<group>";
		};
		4A98295629B7072C00D14812 /* ViewModel */ = {
			isa = PBXGroup;
			children = (
				4AE0B6FA29B8D9230067932F /* GameDetailViewModel.swift */,
			);
			path = ViewModel;
			sourceTree = "<group>";
		};
		C92D5B228510A09F8D7AABA2 /* Frameworks */ = {
			isa = PBXGroup;
			children = (
				F5F617565437E2764C9B77D9 /* Pods_RAWG_Dicoding.framework */,
			);
			name = Frameworks;
			sourceTree = "<group>";
		};
/* End PBXGroup section */

/* Begin PBXNativeTarget section */
		4A5D9F1829B60E1D00A530D2 /* RAWG-Dicoding */ = {
			isa = PBXNativeTarget;
			buildConfigurationList = 4A5D9F2D29B60E1E00A530D2 /* Build configuration list for PBXNativeTarget "RAWG-Dicoding" */;
			buildPhases = (
				9EA470CA31DD3FFA79159E9E /* [CP] Check Pods Manifest.lock */,
				4A5D9F1529B60E1D00A530D2 /* Sources */,
				4A5D9F1629B60E1D00A530D2 /* Frameworks */,
				4A5D9F1729B60E1D00A530D2 /* Resources */,
				CE0A49AF75FB2929298D8E2B /* [CP] Embed Pods Frameworks */,
			);
			buildRules = (
			);
			dependencies = (
			);
			name = "RAWG-Dicoding";
			productName = "RAWG-Dicoding";
			productReference = 4A5D9F1929B60E1D00A530D2 /* RAWG-Dicoding.app */;
			productType = "com.apple.product-type.application";
		};
/* End PBXNativeTarget section */

/* Begin PBXProject section */
		4A5D9F1129B60E1D00A530D2 /* Project object */ = {
			isa = PBXProject;
			attributes = {
				BuildIndependentTargetsInParallel = 1;
				LastSwiftUpdateCheck = 1420;
				LastUpgradeCheck = 1420;
				TargetAttributes = {
					4A5D9F1829B60E1D00A530D2 = {
						CreatedOnToolsVersion = 14.2;
					};
				};
			};
			buildConfigurationList = 4A5D9F1429B60E1D00A530D2 /* Build configuration list for PBXProject "RAWG-Dicoding" */;
			compatibilityVersion = "Xcode 13.0";
			developmentRegion = en;
			hasScannedForEncodings = 0;
			knownRegions = (
				en,
				Base,
			);
			mainGroup = 4A5D9F1029B60E1D00A530D2;
			productRefGroup = 4A5D9F1A29B60E1D00A530D2 /* Products */;
			projectDirPath = "";
			projectRoot = "";
			targets = (
				4A5D9F1829B60E1D00A530D2 /* RAWG-Dicoding */,
			);
		};
/* End PBXProject section */

/* Begin PBXResourcesBuildPhase section */
		4A5D9F1729B60E1D00A530D2 /* Resources */ = {
			isa = PBXResourcesBuildPhase;
			buildActionMask = 2147483647;
			files = (
				4A5D9F2629B60E1E00A530D2 /* Assets.xcassets in Resources */,
			);
			runOnlyForDeploymentPostprocessing = 0;
		};
/* End PBXResourcesBuildPhase section */

/* Begin PBXShellScriptBuildPhase section */
		9EA470CA31DD3FFA79159E9E /* [CP] Check Pods Manifest.lock */ = {
			isa = PBXShellScriptBuildPhase;
			buildActionMask = 2147483647;
			files = (
			);
			inputFileListPaths = (
			);
			inputPaths = (
				"${PODS_PODFILE_DIR_PATH}/Podfile.lock",
				"${PODS_ROOT}/Manifest.lock",
			);
			name = "[CP] Check Pods Manifest.lock";
			outputFileListPaths = (
			);
			outputPaths = (
				"$(DERIVED_FILE_DIR)/Pods-RAWG-Dicoding-checkManifestLockResult.txt",
			);
			runOnlyForDeploymentPostprocessing = 0;
			shellPath = /bin/sh;
			shellScript = "diff \"${PODS_PODFILE_DIR_PATH}/Podfile.lock\" \"${PODS_ROOT}/Manifest.lock\" > /dev/null\nif [ $? != 0 ] ; then\n    # print error to STDERR\n    echo \"error: The sandbox is not in sync with the Podfile.lock. Run 'pod install' or update your CocoaPods installation.\" >&2\n    exit 1\nfi\n# This output is used by Xcode 'outputs' to avoid re-running this script phase.\necho \"SUCCESS\" > \"${SCRIPT_OUTPUT_FILE_0}\"\n";
			showEnvVarsInLog = 0;
		};
		CE0A49AF75FB2929298D8E2B /* [CP] Embed Pods Frameworks */ = {
			isa = PBXShellScriptBuildPhase;
			buildActionMask = 2147483647;
			files = (
			);
			inputFileListPaths = (
				"${PODS_ROOT}/Target Support Files/Pods-RAWG-Dicoding/Pods-RAWG-Dicoding-frameworks-${CONFIGURATION}-input-files.xcfilelist",
			);
			name = "[CP] Embed Pods Frameworks";
			outputFileListPaths = (
				"${PODS_ROOT}/Target Support Files/Pods-RAWG-Dicoding/Pods-RAWG-Dicoding-frameworks-${CONFIGURATION}-output-files.xcfilelist",
			);
			runOnlyForDeploymentPostprocessing = 0;
			shellPath = /bin/sh;
			shellScript = "\"${PODS_ROOT}/Target Support Files/Pods-RAWG-Dicoding/Pods-RAWG-Dicoding-frameworks.sh\"\n";
			showEnvVarsInLog = 0;
		};
/* End PBXShellScriptBuildPhase section */

/* Begin PBXSourcesBuildPhase section */
		4A5D9F1529B60E1D00A530D2 /* Sources */ = {
			isa = PBXSourcesBuildPhase;
			buildActionMask = 2147483647;
			files = (
				4A5D9F4B29B6366400A530D2 /* EditProfileViewController.swift in Sources */,
				4AE0B6FB29B8D9230067932F /* GameDetailViewModel.swift in Sources */,
				4A98295829B7073A00D14812 /* RawgDetailModel.swift in Sources */,
				4A5D9F3829B61F7400A530D2 /* Date+Extentions.swift in Sources */,
				4A98296629B762CA00D14812 /* HomeViewController.swift in Sources */,
				4A98296429B7624800D14812 /* HomeViewModel.swift in Sources */,
				4A252F0D29C0C7B200C9E001 /* FavoriteViewModel.swift in Sources */,
				4A3FA02F29C182620001C58C /* FavoriteViewController.swift in Sources */,
				4A5D9F1D29B60E1D00A530D2 /* AppDelegate.swift in Sources */,
				4A5D9F4D29B63DBF00A530D2 /* UIView+Extentions.swift in Sources */,
				4A252F0729C09B8E00C9E001 /* CoreDataManager.swift in Sources */,
				4A98296229B7086F00D14812 /* GameTableViewCell.swift in Sources */,
				4A44E2B629B704EE005B635A /* RawgClient.swift in Sources */,
				4A98295329B706E600D14812 /* GetRawgResponseModel.swift in Sources */,
				4A5D9F4129B62E4000A530D2 /* TabBarController.swift in Sources */,
				4A252F0529C099F500C9E001 /* RAWG.xcdatamodeld in Sources */,
				4A5D9F4929B6357E00A530D2 /* ProfileModel.swift in Sources */,
				4A98296829B762D400D14812 /* SearchViewController.swift in Sources */,
				4A98296E29B78F3C00D14812 /* HomeView.swift in Sources */,
				4A98294A29B705D600D14812 /* RawgModel.swift in Sources */,
				4A252F0F29C0CA8000C9E001 /* FavoriteTableViewCell.swift in Sources */,
				4A5D9F1F29B60E1D00A530D2 /* SceneDelegate.swift in Sources */,
				4A98295A29B7076700D14812 /* Secrets.swift in Sources */,
				4A98296C29B770CB00D14812 /* GameDetailViewController.swift in Sources */,
				4A98296029B7082C00D14812 /* Globals.swift in Sources */,
				4A5D9F4529B62EA700A530D2 /* ProfileViewController.swift in Sources */,
			);
			runOnlyForDeploymentPostprocessing = 0;
		};
/* End PBXSourcesBuildPhase section */

/* Begin XCBuildConfiguration section */
		4A5D9F2B29B60E1E00A530D2 /* Debug */ = {
			isa = XCBuildConfiguration;
			buildSettings = {
				ALWAYS_SEARCH_USER_PATHS = NO;
				CLANG_ANALYZER_NONNULL = YES;
				CLANG_ANALYZER_NUMBER_OBJECT_CONVERSION = YES_AGGRESSIVE;
				CLANG_CXX_LANGUAGE_STANDARD = "gnu++20";
				CLANG_ENABLE_MODULES = YES;
				CLANG_ENABLE_OBJC_ARC = YES;
				CLANG_ENABLE_OBJC_WEAK = YES;
				CLANG_WARN_BLOCK_CAPTURE_AUTORELEASING = YES;
				CLANG_WARN_BOOL_CONVERSION = YES;
				CLANG_WARN_COMMA = YES;
				CLANG_WARN_CONSTANT_CONVERSION = YES;
				CLANG_WARN_DEPRECATED_OBJC_IMPLEMENTATIONS = YES;
				CLANG_WARN_DIRECT_OBJC_ISA_USAGE = YES_ERROR;
				CLANG_WARN_DOCUMENTATION_COMMENTS = YES;
				CLANG_WARN_EMPTY_BODY = YES;
				CLANG_WARN_ENUM_CONVERSION = YES;
				CLANG_WARN_INFINITE_RECURSION = YES;
				CLANG_WARN_INT_CONVERSION = YES;
				CLANG_WARN_NON_LITERAL_NULL_CONVERSION = YES;
				CLANG_WARN_OBJC_IMPLICIT_RETAIN_SELF = YES;
				CLANG_WARN_OBJC_LITERAL_CONVERSION = YES;
				CLANG_WARN_OBJC_ROOT_CLASS = YES_ERROR;
				CLANG_WARN_QUOTED_INCLUDE_IN_FRAMEWORK_HEADER = YES;
				CLANG_WARN_RANGE_LOOP_ANALYSIS = YES;
				CLANG_WARN_STRICT_PROTOTYPES = YES;
				CLANG_WARN_SUSPICIOUS_MOVE = YES;
				CLANG_WARN_UNGUARDED_AVAILABILITY = YES_AGGRESSIVE;
				CLANG_WARN_UNREACHABLE_CODE = YES;
				CLANG_WARN__DUPLICATE_METHOD_MATCH = YES;
				COPY_PHASE_STRIP = NO;
				DEBUG_INFORMATION_FORMAT = dwarf;
				ENABLE_STRICT_OBJC_MSGSEND = YES;
				ENABLE_TESTABILITY = YES;
				GCC_C_LANGUAGE_STANDARD = gnu11;
				GCC_DYNAMIC_NO_PIC = NO;
				GCC_NO_COMMON_BLOCKS = YES;
				GCC_OPTIMIZATION_LEVEL = 0;
				GCC_PREPROCESSOR_DEFINITIONS = (
					"DEBUG=1",
					"$(inherited)",
				);
				GCC_WARN_64_TO_32_BIT_CONVERSION = YES;
				GCC_WARN_ABOUT_RETURN_TYPE = YES_ERROR;
				GCC_WARN_UNDECLARED_SELECTOR = YES;
				GCC_WARN_UNINITIALIZED_AUTOS = YES_AGGRESSIVE;
				GCC_WARN_UNUSED_FUNCTION = YES;
				GCC_WARN_UNUSED_VARIABLE = YES;
				IPHONEOS_DEPLOYMENT_TARGET = 16.2;
				MTL_ENABLE_DEBUG_INFO = INCLUDE_SOURCE;
				MTL_FAST_MATH = YES;
				ONLY_ACTIVE_ARCH = YES;
				SDKROOT = iphoneos;
				SWIFT_ACTIVE_COMPILATION_CONDITIONS = DEBUG;
				SWIFT_OPTIMIZATION_LEVEL = "-Onone";
			};
			name = Debug;
		};
		4A5D9F2C29B60E1E00A530D2 /* Release */ = {
			isa = XCBuildConfiguration;
			buildSettings = {
				ALWAYS_SEARCH_USER_PATHS = NO;
				CLANG_ANALYZER_NONNULL = YES;
				CLANG_ANALYZER_NUMBER_OBJECT_CONVERSION = YES_AGGRESSIVE;
				CLANG_CXX_LANGUAGE_STANDARD = "gnu++20";
				CLANG_ENABLE_MODULES = YES;
				CLANG_ENABLE_OBJC_ARC = YES;
				CLANG_ENABLE_OBJC_WEAK = YES;
				CLANG_WARN_BLOCK_CAPTURE_AUTORELEASING = YES;
				CLANG_WARN_BOOL_CONVERSION = YES;
				CLANG_WARN_COMMA = YES;
				CLANG_WARN_CONSTANT_CONVERSION = YES;
				CLANG_WARN_DEPRECATED_OBJC_IMPLEMENTATIONS = YES;
				CLANG_WARN_DIRECT_OBJC_ISA_USAGE = YES_ERROR;
				CLANG_WARN_DOCUMENTATION_COMMENTS = YES;
				CLANG_WARN_EMPTY_BODY = YES;
				CLANG_WARN_ENUM_CONVERSION = YES;
				CLANG_WARN_INFINITE_RECURSION = YES;
				CLANG_WARN_INT_CONVERSION = YES;
				CLANG_WARN_NON_LITERAL_NULL_CONVERSION = YES;
				CLANG_WARN_OBJC_IMPLICIT_RETAIN_SELF = YES;
				CLANG_WARN_OBJC_LITERAL_CONVERSION = YES;
				CLANG_WARN_OBJC_ROOT_CLASS = YES_ERROR;
				CLANG_WARN_QUOTED_INCLUDE_IN_FRAMEWORK_HEADER = YES;
				CLANG_WARN_RANGE_LOOP_ANALYSIS = YES;
				CLANG_WARN_STRICT_PROTOTYPES = YES;
				CLANG_WARN_SUSPICIOUS_MOVE = YES;
				CLANG_WARN_UNGUARDED_AVAILABILITY = YES_AGGRESSIVE;
				CLANG_WARN_UNREACHABLE_CODE = YES;
				CLANG_WARN__DUPLICATE_METHOD_MATCH = YES;
				COPY_PHASE_STRIP = NO;
				DEBUG_INFORMATION_FORMAT = "dwarf-with-dsym";
				ENABLE_NS_ASSERTIONS = NO;
				ENABLE_STRICT_OBJC_MSGSEND = YES;
				GCC_C_LANGUAGE_STANDARD = gnu11;
				GCC_NO_COMMON_BLOCKS = YES;
				GCC_WARN_64_TO_32_BIT_CONVERSION = YES;
				GCC_WARN_ABOUT_RETURN_TYPE = YES_ERROR;
				GCC_WARN_UNDECLARED_SELECTOR = YES;
				GCC_WARN_UNINITIALIZED_AUTOS = YES_AGGRESSIVE;
				GCC_WARN_UNUSED_FUNCTION = YES;
				GCC_WARN_UNUSED_VARIABLE = YES;
				IPHONEOS_DEPLOYMENT_TARGET = 16.2;
				MTL_ENABLE_DEBUG_INFO = NO;
				MTL_FAST_MATH = YES;
				SDKROOT = iphoneos;
				SWIFT_COMPILATION_MODE = wholemodule;
				SWIFT_OPTIMIZATION_LEVEL = "-O";
				VALIDATE_PRODUCT = YES;
			};
			name = Release;
		};
		4A5D9F2E29B60E1E00A530D2 /* Debug */ = {
			isa = XCBuildConfiguration;
			baseConfigurationReference = FBD4E45B5D2571DAD05A0435 /* Pods-RAWG-Dicoding.debug.xcconfig */;
			buildSettings = {
				ASSETCATALOG_COMPILER_APPICON_NAME = AppIcon;
				ASSETCATALOG_COMPILER_GLOBAL_ACCENT_COLOR_NAME = AccentColor;
				CODE_SIGN_STYLE = Automatic;
				CURRENT_PROJECT_VERSION = 1;
				DEVELOPMENT_TEAM = KR56UH6MNG;
				GENERATE_INFOPLIST_FILE = YES;
				INFOPLIST_FILE = "RAWG-Dicoding/Info.plist";
				INFOPLIST_KEY_UIApplicationSupportsIndirectInputEvents = YES;
				INFOPLIST_KEY_UILaunchStoryboardName = LaunchScreen;
				INFOPLIST_KEY_UISupportedInterfaceOrientations_iPad = "UIInterfaceOrientationPortrait UIInterfaceOrientationPortraitUpsideDown UIInterfaceOrientationLandscapeLeft UIInterfaceOrientationLandscapeRight";
				INFOPLIST_KEY_UISupportedInterfaceOrientations_iPhone = "UIInterfaceOrientationPortrait UIInterfaceOrientationLandscapeLeft UIInterfaceOrientationLandscapeRight";
				LD_RUNPATH_SEARCH_PATHS = (
					"$(inherited)",
					"@executable_path/Frameworks",
				);
				MARKETING_VERSION = 1.0;
				PRODUCT_BUNDLE_IDENTIFIER = "com.AppleDeveloperAcademy.RAWG-Dicoding";
				PRODUCT_NAME = "$(TARGET_NAME)";
				SWIFT_EMIT_LOC_STRINGS = YES;
				SWIFT_VERSION = 5.0;
				TARGETED_DEVICE_FAMILY = "1,2";
			};
			name = Debug;
		};
		4A5D9F2F29B60E1E00A530D2 /* Release */ = {
			isa = XCBuildConfiguration;
			baseConfigurationReference = F3A8FA8219866EEEE28D69D5 /* Pods-RAWG-Dicoding.release.xcconfig */;
			buildSettings = {
				ASSETCATALOG_COMPILER_APPICON_NAME = AppIcon;
				ASSETCATALOG_COMPILER_GLOBAL_ACCENT_COLOR_NAME = AccentColor;
				CODE_SIGN_STYLE = Automatic;
				CURRENT_PROJECT_VERSION = 1;
				DEVELOPMENT_TEAM = KR56UH6MNG;
				GENERATE_INFOPLIST_FILE = YES;
				INFOPLIST_FILE = "RAWG-Dicoding/Info.plist";
				INFOPLIST_KEY_UIApplicationSupportsIndirectInputEvents = YES;
				INFOPLIST_KEY_UILaunchStoryboardName = LaunchScreen;
				INFOPLIST_KEY_UISupportedInterfaceOrientations_iPad = "UIInterfaceOrientationPortrait UIInterfaceOrientationPortraitUpsideDown UIInterfaceOrientationLandscapeLeft UIInterfaceOrientationLandscapeRight";
				INFOPLIST_KEY_UISupportedInterfaceOrientations_iPhone = "UIInterfaceOrientationPortrait UIInterfaceOrientationLandscapeLeft UIInterfaceOrientationLandscapeRight";
				LD_RUNPATH_SEARCH_PATHS = (
					"$(inherited)",
					"@executable_path/Frameworks",
				);
				MARKETING_VERSION = 1.0;
				PRODUCT_BUNDLE_IDENTIFIER = "com.AppleDeveloperAcademy.RAWG-Dicoding";
				PRODUCT_NAME = "$(TARGET_NAME)";
				SWIFT_EMIT_LOC_STRINGS = YES;
				SWIFT_VERSION = 5.0;
				TARGETED_DEVICE_FAMILY = "1,2";
			};
			name = Release;
		};
/* End XCBuildConfiguration section */

/* Begin XCConfigurationList section */
		4A5D9F1429B60E1D00A530D2 /* Build configuration list for PBXProject "RAWG-Dicoding" */ = {
			isa = XCConfigurationList;
			buildConfigurations = (
				4A5D9F2B29B60E1E00A530D2 /* Debug */,
				4A5D9F2C29B60E1E00A530D2 /* Release */,
			);
			defaultConfigurationIsVisible = 0;
			defaultConfigurationName = Release;
		};
		4A5D9F2D29B60E1E00A530D2 /* Build configuration list for PBXNativeTarget "RAWG-Dicoding" */ = {
			isa = XCConfigurationList;
			buildConfigurations = (
				4A5D9F2E29B60E1E00A530D2 /* Debug */,
				4A5D9F2F29B60E1E00A530D2 /* Release */,
			);
			defaultConfigurationIsVisible = 0;
			defaultConfigurationName = Release;
		};
/* End XCConfigurationList section */

/* Begin XCVersionGroup section */
		4A252F0329C099F500C9E001 /* RAWG.xcdatamodeld */ = {
			isa = XCVersionGroup;
			children = (
				4A252F0429C099F500C9E001 /* RAWG.xcdatamodel */,
			);
			currentVersion = 4A252F0429C099F500C9E001 /* RAWG.xcdatamodel */;
			path = RAWG.xcdatamodeld;
			sourceTree = "<group>";
			versionGroupType = wrapper.xcdatamodel;
		};
/* End XCVersionGroup section */
	};
	rootObject = 4A5D9F1129B60E1D00A530D2 /* Project object */;
}
